// !$*UTF8*$!
{
	archiveVersion = 1;
	classes = {
	};
	objectVersion = 50;
	objects = {

/* Begin PBXBuildFile section */
		863CABA124524EF0007241CE /* RoomsSocket.swift in Sources */ = {isa = PBXBuildFile; fileRef = 863CABA024524EF0007241CE /* RoomsSocket.swift */; };
		863CABA524524FAF007241CE /* Room.swift in Sources */ = {isa = PBXBuildFile; fileRef = 863CABA424524FAE007241CE /* Room.swift */; };
		86430A05247723C8006FBE74 /* RoomCell.swift in Sources */ = {isa = PBXBuildFile; fileRef = 86430A03247723C8006FBE74 /* RoomCell.swift */; };
		86430A06247723C8006FBE74 /* RoomCell.xib in Resources */ = {isa = PBXBuildFile; fileRef = 86430A04247723C8006FBE74 /* RoomCell.xib */; };
		865C63932496B2CB0068A395 /* UserObject.swift in Sources */ = {isa = PBXBuildFile; fileRef = 865C63922496B2CB0068A395 /* UserObject.swift */; };
		865C63952496B36C0068A395 /* User.swift in Sources */ = {isa = PBXBuildFile; fileRef = 865C63942496B36C0068A395 /* User.swift */; };
		865C63972496B5220068A395 /* UsersStorageManager.swift in Sources */ = {isa = PBXBuildFile; fileRef = 865C63962496B5220068A395 /* UsersStorageManager.swift */; };
		8665A431244CDDB500009E08 /* NewRoomViewController.swift in Sources */ = {isa = PBXBuildFile; fileRef = 8665A430244CDDB500009E08 /* NewRoomViewController.swift */; };
		8689A55C244CD7ED0010F41E /* AppDelegate.swift in Sources */ = {isa = PBXBuildFile; fileRef = 8689A55B244CD7ED0010F41E /* AppDelegate.swift */; };
		8689A55E244CD7ED0010F41E /* SceneDelegate.swift in Sources */ = {isa = PBXBuildFile; fileRef = 8689A55D244CD7ED0010F41E /* SceneDelegate.swift */; };
		8689A560244CD7ED0010F41E /* RoomsViewController.swift in Sources */ = {isa = PBXBuildFile; fileRef = 8689A55F244CD7ED0010F41E /* RoomsViewController.swift */; };
		8689A563244CD7ED0010F41E /* Main.storyboard in Resources */ = {isa = PBXBuildFile; fileRef = 8689A561244CD7ED0010F41E /* Main.storyboard */; };
		8689A566244CD7ED0010F41E /* FilmsVoting.xcdatamodeld in Sources */ = {isa = PBXBuildFile; fileRef = 8689A564244CD7ED0010F41E /* FilmsVoting.xcdatamodeld */; };
		8689A568244CD7F20010F41E /* Assets.xcassets in Resources */ = {isa = PBXBuildFile; fileRef = 8689A567244CD7F20010F41E /* Assets.xcassets */; };
		8689A56B244CD7F20010F41E /* LaunchScreen.storyboard in Resources */ = {isa = PBXBuildFile; fileRef = 8689A569244CD7F20010F41E /* LaunchScreen.storyboard */; };
		868AC77D249BF02400B7D860 /* LogInViewController.swift in Sources */ = {isa = PBXBuildFile; fileRef = 868AC77C249BF02400B7D860 /* LogInViewController.swift */; };
		869AB4452476CF9A00BCC1DD /* RoomsService.swift in Sources */ = {isa = PBXBuildFile; fileRef = 869AB4442476CF9A00BCC1DD /* RoomsService.swift */; };
		86A119DD2496B01200093121 /* UserAuthorization.swift in Sources */ = {isa = PBXBuildFile; fileRef = 86A119DC2496B01200093121 /* UserAuthorization.swift */; };
		86C36CBF249AB1A60011916B /* ProfileViewController.swift in Sources */ = {isa = PBXBuildFile; fileRef = 86C36CBE249AB1A60011916B /* ProfileViewController.swift */; };
		86C40494249ADA0000D11C42 /* NewUserViewController.swift in Sources */ = {isa = PBXBuildFile; fileRef = 86C40493249ADA0000D11C42 /* NewUserViewController.swift */; };
		86C40496249AEB2100D11C42 /* UsersService.swift in Sources */ = {isa = PBXBuildFile; fileRef = 86C40495249AEB2100D11C42 /* UsersService.swift */; };
/* End PBXBuildFile section */

/* Begin PBXFileReference section */
		863CABA024524EF0007241CE /* RoomsSocket.swift */ = {isa = PBXFileReference; lastKnownFileType = sourcecode.swift; path = RoomsSocket.swift; sourceTree = "<group>"; };
		863CABA424524FAE007241CE /* Room.swift */ = {isa = PBXFileReference; lastKnownFileType = sourcecode.swift; path = Room.swift; sourceTree = "<group>"; };
		86430A03247723C8006FBE74 /* RoomCell.swift */ = {isa = PBXFileReference; lastKnownFileType = sourcecode.swift; path = RoomCell.swift; sourceTree = "<group>"; };
		86430A04247723C8006FBE74 /* RoomCell.xib */ = {isa = PBXFileReference; lastKnownFileType = file.xib; path = RoomCell.xib; sourceTree = "<group>"; };
		865C63922496B2CB0068A395 /* UserObject.swift */ = {isa = PBXFileReference; lastKnownFileType = sourcecode.swift; path = UserObject.swift; sourceTree = "<group>"; };
		865C63942496B36C0068A395 /* User.swift */ = {isa = PBXFileReference; lastKnownFileType = sourcecode.swift; path = User.swift; sourceTree = "<group>"; };
		865C63962496B5220068A395 /* UsersStorageManager.swift */ = {isa = PBXFileReference; lastKnownFileType = sourcecode.swift; path = UsersStorageManager.swift; sourceTree = "<group>"; };
		8665A430244CDDB500009E08 /* NewRoomViewController.swift */ = {isa = PBXFileReference; lastKnownFileType = sourcecode.swift; path = NewRoomViewController.swift; sourceTree = "<group>"; };
		8689A558244CD7ED0010F41E /* FilmsVoting.app */ = {isa = PBXFileReference; explicitFileType = wrapper.application; includeInIndex = 0; path = FilmsVoting.app; sourceTree = BUILT_PRODUCTS_DIR; };
		8689A55B244CD7ED0010F41E /* AppDelegate.swift */ = {isa = PBXFileReference; lastKnownFileType = sourcecode.swift; path = AppDelegate.swift; sourceTree = "<group>"; };
		8689A55D244CD7ED0010F41E /* SceneDelegate.swift */ = {isa = PBXFileReference; lastKnownFileType = sourcecode.swift; path = SceneDelegate.swift; sourceTree = "<group>"; };
		8689A55F244CD7ED0010F41E /* RoomsViewController.swift */ = {isa = PBXFileReference; lastKnownFileType = sourcecode.swift; path = RoomsViewController.swift; sourceTree = "<group>"; };
		8689A562244CD7ED0010F41E /* Base */ = {isa = PBXFileReference; lastKnownFileType = file.storyboard; name = Base; path = Base.lproj/Main.storyboard; sourceTree = "<group>"; };
		8689A565244CD7ED0010F41E /* FilmsVoting.xcdatamodel */ = {isa = PBXFileReference; lastKnownFileType = wrapper.xcdatamodel; path = FilmsVoting.xcdatamodel; sourceTree = "<group>"; };
		8689A567244CD7F20010F41E /* Assets.xcassets */ = {isa = PBXFileReference; lastKnownFileType = folder.assetcatalog; path = Assets.xcassets; sourceTree = "<group>"; };
		8689A56A244CD7F20010F41E /* Base */ = {isa = PBXFileReference; lastKnownFileType = file.storyboard; name = Base; path = Base.lproj/LaunchScreen.storyboard; sourceTree = "<group>"; };
		8689A56C244CD7F20010F41E /* Info.plist */ = {isa = PBXFileReference; lastKnownFileType = text.plist.xml; path = Info.plist; sourceTree = "<group>"; };
		868AC77C249BF02400B7D860 /* LogInViewController.swift */ = {isa = PBXFileReference; lastKnownFileType = sourcecode.swift; path = LogInViewController.swift; sourceTree = "<group>"; };
		869AB4442476CF9A00BCC1DD /* RoomsService.swift */ = {isa = PBXFileReference; lastKnownFileType = sourcecode.swift; path = RoomsService.swift; sourceTree = "<group>"; };
		86A119DC2496B01200093121 /* UserAuthorization.swift */ = {isa = PBXFileReference; lastKnownFileType = sourcecode.swift; path = UserAuthorization.swift; sourceTree = "<group>"; };
		86C36CBE249AB1A60011916B /* ProfileViewController.swift */ = {isa = PBXFileReference; lastKnownFileType = sourcecode.swift; path = ProfileViewController.swift; sourceTree = "<group>"; };
		86C40493249ADA0000D11C42 /* NewUserViewController.swift */ = {isa = PBXFileReference; lastKnownFileType = sourcecode.swift; path = NewUserViewController.swift; sourceTree = "<group>"; };
		86C40495249AEB2100D11C42 /* UsersService.swift */ = {isa = PBXFileReference; lastKnownFileType = sourcecode.swift; path = UsersService.swift; sourceTree = "<group>"; };
/* End PBXFileReference section */

/* Begin PBXFrameworksBuildPhase section */
		8689A555244CD7ED0010F41E /* Frameworks */ = {
			isa = PBXFrameworksBuildPhase;
			buildActionMask = 2147483647;
			files = (
			);
			runOnlyForDeploymentPostprocessing = 0;
		};
/* End PBXFrameworksBuildPhase section */

/* Begin PBXGroup section */
		860B3D23244CEAD00053613B /* ViewControllers */ = {
			isa = PBXGroup;
			children = (
				8665A430244CDDB500009E08 /* NewRoomViewController.swift */,
				8689A55F244CD7ED0010F41E /* RoomsViewController.swift */,
				86C36CBE249AB1A60011916B /* ProfileViewController.swift */,
				86C40493249ADA0000D11C42 /* NewUserViewController.swift */,
				868AC77C249BF02400B7D860 /* LogInViewController.swift */,
			);
			path = ViewControllers;
			sourceTree = "<group>";
		};
		860B3D24244CEAFD0053613B /* SupportFiles */ = {
			isa = PBXGroup;
			children = (
				8689A561244CD7ED0010F41E /* Main.storyboard */,
				8689A567244CD7F20010F41E /* Assets.xcassets */,
				8689A569244CD7F20010F41E /* LaunchScreen.storyboard */,
				8689A564244CD7ED0010F41E /* FilmsVoting.xcdatamodeld */,
			);
			path = SupportFiles;
			sourceTree = "<group>";
		};
		863CABA324524F96007241CE /* Models */ = {
			isa = PBXGroup;
			children = (
				865C63992496C2790068A395 /* User */,
				865C63982496C26B0068A395 /* Room */,
			);
			path = Models;
			sourceTree = "<group>";
		};
		865C63982496C26B0068A395 /* Room */ = {
			isa = PBXGroup;
			children = (
				863CABA424524FAE007241CE /* Room.swift */,
				86430A03247723C8006FBE74 /* RoomCell.swift */,
				86430A04247723C8006FBE74 /* RoomCell.xib */,
			);
			path = Room;
			sourceTree = "<group>";
		};
		865C63992496C2790068A395 /* User */ = {
			isa = PBXGroup;
			children = (
				86A119DC2496B01200093121 /* UserAuthorization.swift */,
				865C63922496B2CB0068A395 /* UserObject.swift */,
				865C63942496B36C0068A395 /* User.swift */,
				865C63962496B5220068A395 /* UsersStorageManager.swift */,
			);
			path = User;
			sourceTree = "<group>";
		};
		8689A54F244CD7ED0010F41E = {
			isa = PBXGroup;
			children = (
				8689A55A244CD7ED0010F41E /* FilmsVoting */,
				8689A559244CD7ED0010F41E /* Products */,
			);
			sourceTree = "<group>";
		};
		8689A559244CD7ED0010F41E /* Products */ = {
			isa = PBXGroup;
			children = (
				8689A558244CD7ED0010F41E /* FilmsVoting.app */,
			);
			name = Products;
			sourceTree = "<group>";
		};
		8689A55A244CD7ED0010F41E /* FilmsVoting */ = {
			isa = PBXGroup;
			children = (
				869AB4432476CEFE00BCC1DD /* Network */,
				863CABA324524F96007241CE /* Models */,
				860B3D23244CEAD00053613B /* ViewControllers */,
				860B3D24244CEAFD0053613B /* SupportFiles */,
				8689A55D244CD7ED0010F41E /* SceneDelegate.swift */,
				8689A55B244CD7ED0010F41E /* AppDelegate.swift */,
				8689A56C244CD7F20010F41E /* Info.plist */,
			);
			path = FilmsVoting;
			sourceTree = "<group>";
		};
		869AB4432476CEFE00BCC1DD /* Network */ = {
			isa = PBXGroup;
			children = (
				863CABA024524EF0007241CE /* RoomsSocket.swift */,
				869AB4442476CF9A00BCC1DD /* RoomsService.swift */,
				86C40495249AEB2100D11C42 /* UsersService.swift */,
			);
			path = Network;
			sourceTree = "<group>";
		};
/* End PBXGroup section */

/* Begin PBXNativeTarget section */
		8689A557244CD7ED0010F41E /* FilmsVoting */ = {
			isa = PBXNativeTarget;
			buildConfigurationList = 8689A56F244CD7F20010F41E /* Build configuration list for PBXNativeTarget "FilmsVoting" */;
			buildPhases = (
				8689A554244CD7ED0010F41E /* Sources */,
				8689A555244CD7ED0010F41E /* Frameworks */,
				8689A556244CD7ED0010F41E /* Resources */,
			);
			buildRules = (
			);
			dependencies = (
			);
			name = FilmsVoting;
			productName = FilmsVoting;
			productReference = 8689A558244CD7ED0010F41E /* FilmsVoting.app */;
			productType = "com.apple.product-type.application";
		};
/* End PBXNativeTarget section */

/* Begin PBXProject section */
		8689A550244CD7ED0010F41E /* Project object */ = {
			isa = PBXProject;
			attributes = {
				LastSwiftUpdateCheck = 1140;
				LastUpgradeCheck = 1140;
				ORGANIZATIONNAME = Vladislav;
				TargetAttributes = {
					8689A557244CD7ED0010F41E = {
						CreatedOnToolsVersion = 11.4.1;
					};
				};
			};
			buildConfigurationList = 8689A553244CD7ED0010F41E /* Build configuration list for PBXProject "FilmsVoting" */;
			compatibilityVersion = "Xcode 9.3";
			developmentRegion = en;
			hasScannedForEncodings = 0;
			knownRegions = (
				en,
				Base,
			);
			mainGroup = 8689A54F244CD7ED0010F41E;
			productRefGroup = 8689A559244CD7ED0010F41E /* Products */;
			projectDirPath = "";
			projectRoot = "";
			targets = (
				8689A557244CD7ED0010F41E /* FilmsVoting */,
			);
		};
/* End PBXProject section */

/* Begin PBXResourcesBuildPhase section */
		8689A556244CD7ED0010F41E /* Resources */ = {
			isa = PBXResourcesBuildPhase;
			buildActionMask = 2147483647;
			files = (
				8689A56B244CD7F20010F41E /* LaunchScreen.storyboard in Resources */,
				8689A568244CD7F20010F41E /* Assets.xcassets in Resources */,
				86430A06247723C8006FBE74 /* RoomCell.xib in Resources */,
				8689A563244CD7ED0010F41E /* Main.storyboard in Resources */,
			);
			runOnlyForDeploymentPostprocessing = 0;
		};
/* End PBXResourcesBuildPhase section */

/* Begin PBXSourcesBuildPhase section */
		8689A554244CD7ED0010F41E /* Sources */ = {
			isa = PBXSourcesBuildPhase;
			buildActionMask = 2147483647;
			files = (
				8665A431244CDDB500009E08 /* NewRoomViewController.swift in Sources */,
				865C63932496B2CB0068A395 /* UserObject.swift in Sources */,
				8689A560244CD7ED0010F41E /* RoomsViewController.swift in Sources */,
				869AB4452476CF9A00BCC1DD /* RoomsService.swift in Sources */,
				868AC77D249BF02400B7D860 /* LogInViewController.swift in Sources */,
				863CABA524524FAF007241CE /* Room.swift in Sources */,
				86A119DD2496B01200093121 /* UserAuthorization.swift in Sources */,
				8689A55C244CD7ED0010F41E /* AppDelegate.swift in Sources */,
				86C40494249ADA0000D11C42 /* NewUserViewController.swift in Sources */,
				86C36CBF249AB1A60011916B /* ProfileViewController.swift in Sources */,
				863CABA124524EF0007241CE /* RoomsSocket.swift in Sources */,
				865C63952496B36C0068A395 /* User.swift in Sources */,
				8689A566244CD7ED0010F41E /* FilmsVoting.xcdatamodeld in Sources */,
				86C40496249AEB2100D11C42 /* UsersService.swift in Sources */,
				86430A05247723C8006FBE74 /* RoomCell.swift in Sources */,
				865C63972496B5220068A395 /* UsersStorageManager.swift in Sources */,
				8689A55E244CD7ED0010F41E /* SceneDelegate.swift in Sources */,
			);
			runOnlyForDeploymentPostprocessing = 0;
		};
/* End PBXSourcesBuildPhase section */

/* Begin PBXVariantGroup section */
		8689A561244CD7ED0010F41E /* Main.storyboard */ = {
			isa = PBXVariantGroup;
			children = (
				8689A562244CD7ED0010F41E /* Base */,
			);
			name = Main.storyboard;
			sourceTree = "<group>";
		};
		8689A569244CD7F20010F41E /* LaunchScreen.storyboard */ = {
			isa = PBXVariantGroup;
			children = (
				8689A56A244CD7F20010F41E /* Base */,
			);
			name = LaunchScreen.storyboard;
			sourceTree = "<group>";
		};
/* End PBXVariantGroup section */

/* Begin XCBuildConfiguration section */
		8689A56D244CD7F20010F41E /* Debug */ = {
			isa = XCBuildConfiguration;
			buildSettings = {
				ALWAYS_SEARCH_USER_PATHS = NO;
				CLANG_ANALYZER_NONNULL = YES;
				CLANG_ANALYZER_NUMBER_OBJECT_CONVERSION = YES_AGGRESSIVE;
				CLANG_CXX_LANGUAGE_STANDARD = "gnu++14";
				CLANG_CXX_LIBRARY = "libc++";
				CLANG_ENABLE_MODULES = YES;
				CLANG_ENABLE_OBJC_ARC = YES;
				CLANG_ENABLE_OBJC_WEAK = YES;
				CLANG_WARN_BLOCK_CAPTURE_AUTORELEASING = YES;
				CLANG_WARN_BOOL_CONVERSION = YES;
				CLANG_WARN_COMMA = YES;
				CLANG_WARN_CONSTANT_CONVERSION = YES;
				CLANG_WARN_DEPRECATED_OBJC_IMPLEMENTATIONS = YES;
				CLANG_WARN_DIRECT_OBJC_ISA_USAGE = YES_ERROR;
				CLANG_WARN_DOCUMENTATION_COMMENTS = YES;
				CLANG_WARN_EMPTY_BODY = YES;
				CLANG_WARN_ENUM_CONVERSION = YES;
				CLANG_WARN_INFINITE_RECURSION = YES;
				CLANG_WARN_INT_CONVERSION = YES;
				CLANG_WARN_NON_LITERAL_NULL_CONVERSION = YES;
				CLANG_WARN_OBJC_IMPLICIT_RETAIN_SELF = YES;
				CLANG_WARN_OBJC_LITERAL_CONVERSION = YES;
				CLANG_WARN_OBJC_ROOT_CLASS = YES_ERROR;
				CLANG_WARN_RANGE_LOOP_ANALYSIS = YES;
				CLANG_WARN_STRICT_PROTOTYPES = YES;
				CLANG_WARN_SUSPICIOUS_MOVE = YES;
				CLANG_WARN_UNGUARDED_AVAILABILITY = YES_AGGRESSIVE;
				CLANG_WARN_UNREACHABLE_CODE = YES;
				CLANG_WARN__DUPLICATE_METHOD_MATCH = YES;
				COPY_PHASE_STRIP = NO;
				DEBUG_INFORMATION_FORMAT = dwarf;
				ENABLE_STRICT_OBJC_MSGSEND = YES;
				ENABLE_TESTABILITY = YES;
				GCC_C_LANGUAGE_STANDARD = gnu11;
				GCC_DYNAMIC_NO_PIC = NO;
				GCC_NO_COMMON_BLOCKS = YES;
				GCC_OPTIMIZATION_LEVEL = 0;
				GCC_PREPROCESSOR_DEFINITIONS = (
					"DEBUG=1",
					"$(inherited)",
				);
				GCC_WARN_64_TO_32_BIT_CONVERSION = YES;
				GCC_WARN_ABOUT_RETURN_TYPE = YES_ERROR;
				GCC_WARN_UNDECLARED_SELECTOR = YES;
				GCC_WARN_UNINITIALIZED_AUTOS = YES_AGGRESSIVE;
				GCC_WARN_UNUSED_FUNCTION = YES;
				GCC_WARN_UNUSED_VARIABLE = YES;
				IPHONEOS_DEPLOYMENT_TARGET = 13.4;
				MTL_ENABLE_DEBUG_INFO = INCLUDE_SOURCE;
				MTL_FAST_MATH = YES;
				ONLY_ACTIVE_ARCH = YES;
				SDKROOT = iphoneos;
				SWIFT_ACTIVE_COMPILATION_CONDITIONS = DEBUG;
				SWIFT_OPTIMIZATION_LEVEL = "-Onone";
			};
			name = Debug;
		};
		8689A56E244CD7F20010F41E /* Release */ = {
			isa = XCBuildConfiguration;
			buildSettings = {
				ALWAYS_SEARCH_USER_PATHS = NO;
				CLANG_ANALYZER_NONNULL = YES;
				CLANG_ANALYZER_NUMBER_OBJECT_CONVERSION = YES_AGGRESSIVE;
				CLANG_CXX_LANGUAGE_STANDARD = "gnu++14";
				CLANG_CXX_LIBRARY = "libc++";
				CLANG_ENABLE_MODULES = YES;
				CLANG_ENABLE_OBJC_ARC = YES;
				CLANG_ENABLE_OBJC_WEAK = YES;
				CLANG_WARN_BLOCK_CAPTURE_AUTORELEASING = YES;
				CLANG_WARN_BOOL_CONVERSION = YES;
				CLANG_WARN_COMMA = YES;
				CLANG_WARN_CONSTANT_CONVERSION = YES;
				CLANG_WARN_DEPRECATED_OBJC_IMPLEMENTATIONS = YES;
				CLANG_WARN_DIRECT_OBJC_ISA_USAGE = YES_ERROR;
				CLANG_WARN_DOCUMENTATION_COMMENTS = YES;
				CLANG_WARN_EMPTY_BODY = YES;
				CLANG_WARN_ENUM_CONVERSION = YES;
				CLANG_WARN_INFINITE_RECURSION = YES;
				CLANG_WARN_INT_CONVERSION = YES;
				CLANG_WARN_NON_LITERAL_NULL_CONVERSION = YES;
				CLANG_WARN_OBJC_IMPLICIT_RETAIN_SELF = YES;
				CLANG_WARN_OBJC_LITERAL_CONVERSION = YES;
				CLANG_WARN_OBJC_ROOT_CLASS = YES_ERROR;
				CLANG_WARN_RANGE_LOOP_ANALYSIS = YES;
				CLANG_WARN_STRICT_PROTOTYPES = YES;
				CLANG_WARN_SUSPICIOUS_MOVE = YES;
				CLANG_WARN_UNGUARDED_AVAILABILITY = YES_AGGRESSIVE;
				CLANG_WARN_UNREACHABLE_CODE = YES;
				CLANG_WARN__DUPLICATE_METHOD_MATCH = YES;
				COPY_PHASE_STRIP = NO;
				DEBUG_INFORMATION_FORMAT = "dwarf-with-dsym";
				ENABLE_NS_ASSERTIONS = NO;
				ENABLE_STRICT_OBJC_MSGSEND = YES;
				GCC_C_LANGUAGE_STANDARD = gnu11;
				GCC_NO_COMMON_BLOCKS = YES;
				GCC_WARN_64_TO_32_BIT_CONVERSION = YES;
				GCC_WARN_ABOUT_RETURN_TYPE = YES_ERROR;
				GCC_WARN_UNDECLARED_SELECTOR = YES;
				GCC_WARN_UNINITIALIZED_AUTOS = YES_AGGRESSIVE;
				GCC_WARN_UNUSED_FUNCTION = YES;
				GCC_WARN_UNUSED_VARIABLE = YES;
				IPHONEOS_DEPLOYMENT_TARGET = 13.4;
				MTL_ENABLE_DEBUG_INFO = NO;
				MTL_FAST_MATH = YES;
				SDKROOT = iphoneos;
				SWIFT_COMPILATION_MODE = wholemodule;
				SWIFT_OPTIMIZATION_LEVEL = "-O";
				VALIDATE_PRODUCT = YES;
			};
			name = Release;
		};
		8689A570244CD7F20010F41E /* Debug */ = {
			isa = XCBuildConfiguration;
			buildSettings = {
				ASSETCATALOG_COMPILER_APPICON_NAME = AppIcon;
				CODE_SIGN_STYLE = Automatic;
				DEVELOPMENT_TEAM = 3DK6S8779M;
				INFOPLIST_FILE = FilmsVoting/Info.plist;
				LD_RUNPATH_SEARCH_PATHS = (
					"$(inherited)",
					"@executable_path/Frameworks",
				);
				PRODUCT_BUNDLE_IDENTIFIER = vgrokhotov.FilmsVoting;
				PRODUCT_NAME = "$(TARGET_NAME)";
				SWIFT_VERSION = 5.0;
				TARGETED_DEVICE_FAMILY = "1,2";
			};
			name = Debug;
		};
		8689A571244CD7F20010F41E /* Release */ = {
			isa = XCBuildConfiguration;
			buildSettings = {
				ASSETCATALOG_COMPILER_APPICON_NAME = AppIcon;
				CODE_SIGN_STYLE = Automatic;
				DEVELOPMENT_TEAM = 3DK6S8779M;
				INFOPLIST_FILE = FilmsVoting/Info.plist;
				LD_RUNPATH_SEARCH_PATHS = (
					"$(inherited)",
					"@executable_path/Frameworks",
				);
				PRODUCT_BUNDLE_IDENTIFIER = vgrokhotov.FilmsVoting;
				PRODUCT_NAME = "$(TARGET_NAME)";
				SWIFT_VERSION = 5.0;
				TARGETED_DEVICE_FAMILY = "1,2";
			};
			name = Release;
		};
/* End XCBuildConfiguration section */

/* Begin XCConfigurationList section */
		8689A553244CD7ED0010F41E /* Build configuration list for PBXProject "FilmsVoting" */ = {
			isa = XCConfigurationList;
			buildConfigurations = (
				8689A56D244CD7F20010F41E /* Debug */,
				8689A56E244CD7F20010F41E /* Release */,
			);
			defaultConfigurationIsVisible = 0;
			defaultConfigurationName = Release;
		};
		8689A56F244CD7F20010F41E /* Build configuration list for PBXNativeTarget "FilmsVoting" */ = {
			isa = XCConfigurationList;
			buildConfigurations = (
				8689A570244CD7F20010F41E /* Debug */,
				8689A571244CD7F20010F41E /* Release */,
			);
			defaultConfigurationIsVisible = 0;
			defaultConfigurationName = Release;
		};
/* End XCConfigurationList section */

/* Begin XCVersionGroup section */
		8689A564244CD7ED0010F41E /* FilmsVoting.xcdatamodeld */ = {
			isa = XCVersionGroup;
			children = (
				8689A565244CD7ED0010F41E /* FilmsVoting.xcdatamodel */,
			);
			currentVersion = 8689A565244CD7ED0010F41E /* FilmsVoting.xcdatamodel */;
			path = FilmsVoting.xcdatamodeld;
			sourceTree = "<group>";
			versionGroupType = wrapper.xcdatamodel;
		};
/* End XCVersionGroup section */
	};
	rootObject = 8689A550244CD7ED0010F41E /* Project object */;
}
